{
  "name": "solar2lunar",
  "version": "2.0.0",
  "lockfileVersion": 2,
  "requires": true,
  "packages": {
    "": {
      "name": "solar2lunar",
      "version": "2.0.0",
      "license": "ISC",
      "dependencies": {
        "dayjs": "^1.9.3"
      },
      "devDependencies": {
        "typescript": "^5.0.2"
      }
    },
    "node_modules/dayjs": {
      "version": "1.11.7",
      "resolved": "https://repo.yyrd.com/artifactory/api/npm/ynpm-all/dayjs/-/dayjs-1.11.7.tgz",
      "integrity": "sha512-+Yw9U6YO5TQohxLcIkrXBeY73WP3ejHWVvx8XCk3gxvQDCTEmS48ZrSZCKciI7Bhl/uCMyxYtE9UqRILmFphkQ=="
    },
    "node_modules/typescript": {
      "version": "5.0.2",
      "resolved": "https://repo.yyrd.com/artifactory/api/npm/ynpm-all/typescript/-/typescript-5.0.2.tgz",
      "integrity": "sha512-wVORMBGO/FAs/++blGNeAVdbNKtIh1rbBL2EyQ1+J9lClJ93KiiKe8PmFIVdXhHcyv44SL9oglmfeSsndo0jRw==",
      "dev": true,
      "bin": {
        "tsc": "bin/tsc",
        "tsserver": "bin/tsserver"
      },
      "engines": {
        "node": ">=12.20"
      }
    }
  },
  "dependencies": {
    "dayjs": {
      "version": "1.11.7",
      "resolved": "https://repo.yyrd.com/artifactory/api/npm/ynpm-all/dayjs/-/dayjs-1.11.7.tgz",
      "integrity": "sha512-+Yw9U6YO5TQohxLcIkrXBeY73WP3ejHWVvx8XCk3gxvQDCTEmS48ZrSZCKciI7Bhl/uCMyxYtE9UqRILmFphkQ=="
    },
    "typescript": {
      "version": "5.0.2",
      "resolved": "https://repo.yyrd.com/artifactory/api/npm/ynpm-all/typescript/-/typescript-5.0.2.tgz",
      "integrity": "sha512-wVORMBGO/FAs/++blGNeAVdbNKtIh1rbBL2EyQ1+J9lClJ93KiiKe8PmFIVdXhHcyv44SL9oglmfeSsndo0jRw==",
      "dev": true
    }
  }
}
